
Microsoft Visual Studio Solution File, Format Version 10.00
# Visual C# Express 2008
Project("{FAE04EC0-301F-11D3-BF4B-00C04F79EFBC}") = "parsing_examples", "parsing_examples\parsing_examples.csproj", "{F72B55F1-63E0-46A4-B405-3AD15460F9A7}"
EndProject
Project("{FAE04EC0-301F-11D3-BF4B-00C04F79EFBC}") = "parsable_objects", "parsable_objects\parsable_objects.csproj", "{43987687-A441-420D-B536-8E8056500CFB}"
EndProject
Global
	GlobalSection(SolutionConfigurationPlatforms) = preSolution
		Debug|Any CPU = Debug|Any CPU
		Release|Any CPU = Release|Any CPU
	EndGlobalSection
	GlobalSection(ProjectConfigurationPlatforms) = postSolution
		{F72B55F1-63E0-46A4-B405-3AD15460F9A7}.Debug|Any CPU.ActiveCfg = Debug|Any CPU
		{F72B55F1-63E0-46A4-B405-3AD15460F9A7}.Debug|Any CPU.Build.0 = Debug|Any CPU
		{F72B55F1-63E0-46A4-B405-3AD15460F9A7}.Release|Any CPU.ActiveCfg = Release|Any CPU
		{F72B55F1-63E0-46A4-B405-3AD15460F9A7}.Release|Any CPU.Build.0 = Release|Any CPU
		{43987687-A441-420D-B536-8E8056500CFB}.Debug|Any CPU.ActiveCfg = Debug|Any CPU
		{43987687-A441-420D-B536-8E8056500CFB}.Debug|Any CPU.Build.0 = Debug|Any CPU
		{43987687-A441-420D-B536-8E8056500CFB}.Release|Any CPU.ActiveCfg = Release|Any CPU
		{43987687-A441-420D-B536-8E8056500CFB}.Release|Any CPU.Build.0 = Release|Any CPU
	EndGlobalSection
	GlobalSection(SolutionProperties) = preSolution
		HideSolutionNode = FALSE
	EndGlobalSection
EndGlobal
